
Microsoft Visual Studio Solution File, Format Version 12.00
# Visual Studio 14
VisualStudioVersion = 14.0.25420.1
MinimumVisualStudioVersion = 10.0.40219.1
Project("{FAE04EC0-301F-11D3-BF4B-00C04F79EFBC}") = "CSharp", "CSharp\CSharp.csproj", "{E4EBDF87-BC3A-4E5F-9C2F-DFC219BE1FE4}"
EndProject
Project("{FAE04EC0-301F-11D3-BF4B-00C04F79EFBC}") = "CSharpUnitTest", "CSharpUnitTest\CSharpUnitTest.csproj", "{1E2F5D8D-2DCA-45F6-9AA7-3E82619E3AD1}"
EndProject
Project("{FAE04EC0-301F-11D3-BF4B-00C04F79EFBC}") = "JavaScript", "JavaScript\JavaScript.csproj", "{ECEFD760-4592-4CC3-8339-50C1C437EEAB}"
EndProject
Project("{2150E333-8FDC-42A3-9474-1A3956D46DE8}") = "Solution Items", "Solution Items", "{0D8B8FD3-B778-40E5-AF38-44982BDB2F90}"
	ProjectSection(SolutionItems) = preProject
		README.md = README.md
	EndProjectSection
EndProject
Project("{00D1A9C2-B5F0-4AF3-8072-F6C62B433612}") = "Sql", "Sql\Sql.sqlproj", "{EC557EB8-5898-407C-B2BA-EEA4FB26802E}"
EndProject
Global
	GlobalSection(SolutionConfigurationPlatforms) = preSolution
		Debug|Any CPU = Debug|Any CPU
		Release|Any CPU = Release|Any CPU
	EndGlobalSection
	GlobalSection(ProjectConfigurationPlatforms) = postSolution
		{E4EBDF87-BC3A-4E5F-9C2F-DFC219BE1FE4}.Debug|Any CPU.ActiveCfg = Debug|Any CPU
		{E4EBDF87-BC3A-4E5F-9C2F-DFC219BE1FE4}.Debug|Any CPU.Build.0 = Debug|Any CPU
		{E4EBDF87-BC3A-4E5F-9C2F-DFC219BE1FE4}.Release|Any CPU.ActiveCfg = Release|Any CPU
		{E4EBDF87-BC3A-4E5F-9C2F-DFC219BE1FE4}.Release|Any CPU.Build.0 = Release|Any CPU
		{1E2F5D8D-2DCA-45F6-9AA7-3E82619E3AD1}.Debug|Any CPU.ActiveCfg = Debug|Any CPU
		{1E2F5D8D-2DCA-45F6-9AA7-3E82619E3AD1}.Debug|Any CPU.Build.0 = Debug|Any CPU
		{1E2F5D8D-2DCA-45F6-9AA7-3E82619E3AD1}.Release|Any CPU.ActiveCfg = Release|Any CPU
		{1E2F5D8D-2DCA-45F6-9AA7-3E82619E3AD1}.Release|Any CPU.Build.0 = Release|Any CPU
		{ECEFD760-4592-4CC3-8339-50C1C437EEAB}.Debug|Any CPU.ActiveCfg = Debug|Any CPU
		{ECEFD760-4592-4CC3-8339-50C1C437EEAB}.Debug|Any CPU.Build.0 = Debug|Any CPU
		{ECEFD760-4592-4CC3-8339-50C1C437EEAB}.Release|Any CPU.ActiveCfg = Release|Any CPU
		{ECEFD760-4592-4CC3-8339-50C1C437EEAB}.Release|Any CPU.Build.0 = Release|Any CPU
		{EC557EB8-5898-407C-B2BA-EEA4FB26802E}.Debug|Any CPU.ActiveCfg = Debug|Any CPU
		{EC557EB8-5898-407C-B2BA-EEA4FB26802E}.Debug|Any CPU.Build.0 = Debug|Any CPU
		{EC557EB8-5898-407C-B2BA-EEA4FB26802E}.Debug|Any CPU.Deploy.0 = Debug|Any CPU
		{EC557EB8-5898-407C-B2BA-EEA4FB26802E}.Release|Any CPU.ActiveCfg = Release|Any CPU
		{EC557EB8-5898-407C-B2BA-EEA4FB26802E}.Release|Any CPU.Build.0 = Release|Any CPU
		{EC557EB8-5898-407C-B2BA-EEA4FB26802E}.Release|Any CPU.Deploy.0 = Release|Any CPU
	EndGlobalSection
	GlobalSection(SolutionProperties) = preSolution
		HideSolutionNode = FALSE
	EndGlobalSection
EndGlobal
